
Microsoft Visual Studio Solution File, Format Version 12.00
# Visual Studio Version 17
VisualStudioVersion = 17.13.35919.96 d17.13
MinimumVisualStudioVersion = 10.0.40219.1
Project("{8BC9CEB8-8B4A-11D0-8D11-00A0C91BC942}") = "Diferent_figures", "Diferent_figures.vcxproj", "{4C999D17-B0D6-46E4-8ECA-5217A3CB334A}"
EndProject
Global
	GlobalSection(SolutionConfigurationPlatforms) = preSolution
		Debug|x64 = Debug|x64
		Debug|x86 = Debug|x86
		Release|x64 = Release|x64
		Release|x86 = Release|x86
	EndGlobalSection
	GlobalSection(ProjectConfigurationPlatforms) = postSolution
		{4C999D17-B0D6-46E4-8ECA-5217A3CB334A}.Debug|x64.ActiveCfg = Debug|x64
		{4C999D17-B0D6-46E4-8ECA-5217A3CB334A}.Debug|x64.Build.0 = Debug|x64
		{4C999D17-B0D6-46E4-8ECA-5217A3CB334A}.Debug|x86.ActiveCfg = Debug|Win32
		{4C999D17-B0D6-46E4-8ECA-5217A3CB334A}.Debug|x86.Build.0 = Debug|Win32
		{4C999D17-B0D6-46E4-8ECA-5217A3CB334A}.Release|x64.ActiveCfg = Release|x64
		{4C999D17-B0D6-46E4-8ECA-5217A3CB334A}.Release|x64.Build.0 = Release|x64
		{4C999D17-B0D6-46E4-8ECA-5217A3CB334A}.Release|x86.ActiveCfg = Release|Win32
		{4C999D17-B0D6-46E4-8ECA-5217A3CB334A}.Release|x86.Build.0 = Release|Win32
	EndGlobalSection
	GlobalSection(SolutionProperties) = preSolution
		HideSolutionNode = FALSE
	EndGlobalSection
	GlobalSection(ExtensibilityGlobals) = postSolution
		SolutionGuid = {80553031-F7BE-400B-82F3-6C7328E72BA7}
	EndGlobalSection
EndGlobal
